
Microsoft Visual Studio Solution File, Format Version 12.00
# Visual Studio Version 17
VisualStudioVersion = 17.5.33530.505
MinimumVisualStudioVersion = 10.0.40219.1
Project("{8BC9CEB8-8B4A-11D0-8D11-00A0C91BC942}") = "Practice0405", "Practice0405.vcxproj", "{157FA76C-286F-43A5-81BC-5BB6F999663D}"
EndProject
Project("{8BC9CEB8-8B4A-11D0-8D11-00A0C91BC942}") = "MathLibrary", "..\MathLibrary\MathLibrary.vcxproj", "{12E6C5A2-42C9-4095-91E6-114B1DEAAF5F}"
EndProject
Global
	GlobalSection(SolutionConfigurationPlatforms) = preSolution
		Debug|x64 = Debug|x64
		Debug|x86 = Debug|x86
		Release|x64 = Release|x64
		Release|x86 = Release|x86
	EndGlobalSection
	GlobalSection(ProjectConfigurationPlatforms) = postSolution
		{157FA76C-286F-43A5-81BC-5BB6F999663D}.Debug|x64.ActiveCfg = Debug|x64
		{157FA76C-286F-43A5-81BC-5BB6F999663D}.Debug|x64.Build.0 = Debug|x64
		{157FA76C-286F-43A5-81BC-5BB6F999663D}.Debug|x86.ActiveCfg = Debug|Win32
		{157FA76C-286F-43A5-81BC-5BB6F999663D}.Debug|x86.Build.0 = Debug|Win32
		{157FA76C-286F-43A5-81BC-5BB6F999663D}.Release|x64.ActiveCfg = Release|x64
		{157FA76C-286F-43A5-81BC-5BB6F999663D}.Release|x64.Build.0 = Release|x64
		{157FA76C-286F-43A5-81BC-5BB6F999663D}.Release|x86.ActiveCfg = Release|Win32
		{157FA76C-286F-43A5-81BC-5BB6F999663D}.Release|x86.Build.0 = Release|Win32
		{12E6C5A2-42C9-4095-91E6-114B1DEAAF5F}.Debug|x64.ActiveCfg = Debug|x64
		{12E6C5A2-42C9-4095-91E6-114B1DEAAF5F}.Debug|x64.Build.0 = Debug|x64
		{12E6C5A2-42C9-4095-91E6-114B1DEAAF5F}.Debug|x86.ActiveCfg = Debug|Win32
		{12E6C5A2-42C9-4095-91E6-114B1DEAAF5F}.Debug|x86.Build.0 = Debug|Win32
		{12E6C5A2-42C9-4095-91E6-114B1DEAAF5F}.Release|x64.ActiveCfg = Release|x64
		{12E6C5A2-42C9-4095-91E6-114B1DEAAF5F}.Release|x64.Build.0 = Release|x64
		{12E6C5A2-42C9-4095-91E6-114B1DEAAF5F}.Release|x86.ActiveCfg = Release|Win32
		{12E6C5A2-42C9-4095-91E6-114B1DEAAF5F}.Release|x86.Build.0 = Release|Win32
	EndGlobalSection
	GlobalSection(SolutionProperties) = preSolution
		HideSolutionNode = FALSE
	EndGlobalSection
	GlobalSection(ExtensibilityGlobals) = postSolution
		SolutionGuid = {AED2A293-FAC8-4001-B701-6298E84F61DF}
	EndGlobalSection
EndGlobal
